
Microsoft Visual Studio Solution File, Format Version 12.00
# Visual Studio Version 16
VisualStudioVersion = 16.0.30104.148
MinimumVisualStudioVersion = 10.0.40219.1
Project("{8BC9CEB8-8B4A-11D0-8D11-00A0C91BC942}") = "STL", "STL.vcxproj", "{D737E66E-C50D-4468-AE8E-A6EFF6DB9E3B}"
EndProject
Project("{8BC9CEB8-8B4A-11D0-8D11-00A0C91BC942}") = "MyString", "..\MyString\MyString.vcxproj", "{C7216F04-A8CA-450D-A19C-DD4F9ED779E2}"
EndProject
Global
	GlobalSection(SolutionConfigurationPlatforms) = preSolution
		Debug|x64 = Debug|x64
		Debug|x86 = Debug|x86
		Release|x64 = Release|x64
		Release|x86 = Release|x86
	EndGlobalSection
	GlobalSection(ProjectConfigurationPlatforms) = postSolution
		{D737E66E-C50D-4468-AE8E-A6EFF6DB9E3B}.Debug|x64.ActiveCfg = Debug|x64
		{D737E66E-C50D-4468-AE8E-A6EFF6DB9E3B}.Debug|x64.Build.0 = Debug|x64
		{D737E66E-C50D-4468-AE8E-A6EFF6DB9E3B}.Debug|x86.ActiveCfg = Debug|Win32
		{D737E66E-C50D-4468-AE8E-A6EFF6DB9E3B}.Debug|x86.Build.0 = Debug|Win32
		{D737E66E-C50D-4468-AE8E-A6EFF6DB9E3B}.Release|x64.ActiveCfg = Release|x64
		{D737E66E-C50D-4468-AE8E-A6EFF6DB9E3B}.Release|x64.Build.0 = Release|x64
		{D737E66E-C50D-4468-AE8E-A6EFF6DB9E3B}.Release|x86.ActiveCfg = Release|Win32
		{D737E66E-C50D-4468-AE8E-A6EFF6DB9E3B}.Release|x86.Build.0 = Release|Win32
		{C7216F04-A8CA-450D-A19C-DD4F9ED779E2}.Debug|x64.ActiveCfg = Debug|x64
		{C7216F04-A8CA-450D-A19C-DD4F9ED779E2}.Debug|x64.Build.0 = Debug|x64
		{C7216F04-A8CA-450D-A19C-DD4F9ED779E2}.Debug|x86.ActiveCfg = Debug|Win32
		{C7216F04-A8CA-450D-A19C-DD4F9ED779E2}.Debug|x86.Build.0 = Debug|Win32
		{C7216F04-A8CA-450D-A19C-DD4F9ED779E2}.Release|x64.ActiveCfg = Release|x64
		{C7216F04-A8CA-450D-A19C-DD4F9ED779E2}.Release|x64.Build.0 = Release|x64
		{C7216F04-A8CA-450D-A19C-DD4F9ED779E2}.Release|x86.ActiveCfg = Release|Win32
		{C7216F04-A8CA-450D-A19C-DD4F9ED779E2}.Release|x86.Build.0 = Release|Win32
	EndGlobalSection
	GlobalSection(SolutionProperties) = preSolution
		HideSolutionNode = FALSE
	EndGlobalSection
	GlobalSection(ExtensibilityGlobals) = postSolution
		SolutionGuid = {B6938FE6-36B4-47E2-B5EC-1B16155F8FA5}
	EndGlobalSection
EndGlobal
